
Microsoft Visual Studio Solution File, Format Version 12.00
# Visual Studio Version 17
VisualStudioVersion = 17.0.31611.283
MinimumVisualStudioVersion = 10.0.40219.1
Project("{9A19103F-16F7-4668-BE54-9A1E7A4F7556}") = "Aplicatie", "Aplicatie\Aplicatie.csproj", "{7B0DC287-12C9-453E-94C5-435039EC282E}"
EndProject
Project("{9A19103F-16F7-4668-BE54-9A1E7A4F7556}") = "Aplicatie.Core", "Aplicatie.Core\Aplicatie.Core.csproj", "{84AB3D14-D309-4582-B3EE-D1EF1A28C151}"
EndProject
Project("{9A19103F-16F7-4668-BE54-9A1E7A4F7556}") = "Aplicatie.Infrastructure", "Aplicatie.Infrastructure\Aplicatie.Infrastructure.csproj", "{3EA34BE1-9F39-47BA-A914-BD7066F71D89}"
EndProject
Project("{2150E333-8FDC-42A3-9474-1A3956D46DE8}") = "ConfigFiles", "ConfigFiles", "{FC5F9D13-6FA8-47BB-A806-84EA06237A9E}"
	ProjectSection(SolutionItems) = preProject
		stuff\ConfigFiles\AppConfig.json = stuff\ConfigFiles\AppConfig.json
		stuff\ConfigFiles\LoggerServiceConfig.json = stuff\ConfigFiles\LoggerServiceConfig.json
	EndProjectSection
EndProject
Global
	GlobalSection(SolutionConfigurationPlatforms) = preSolution
		Debug|Any CPU = Debug|Any CPU
		Release|Any CPU = Release|Any CPU
	EndGlobalSection
	GlobalSection(ProjectConfigurationPlatforms) = postSolution
		{7B0DC287-12C9-453E-94C5-435039EC282E}.Debug|Any CPU.ActiveCfg = Debug|Any CPU
		{7B0DC287-12C9-453E-94C5-435039EC282E}.Debug|Any CPU.Build.0 = Debug|Any CPU
		{7B0DC287-12C9-453E-94C5-435039EC282E}.Debug|Any CPU.Deploy.0 = Debug|Any CPU
		{7B0DC287-12C9-453E-94C5-435039EC282E}.Release|Any CPU.ActiveCfg = Release|Any CPU
		{7B0DC287-12C9-453E-94C5-435039EC282E}.Release|Any CPU.Build.0 = Release|Any CPU
		{7B0DC287-12C9-453E-94C5-435039EC282E}.Release|Any CPU.Deploy.0 = Release|Any CPU
		{84AB3D14-D309-4582-B3EE-D1EF1A28C151}.Debug|Any CPU.ActiveCfg = Debug|Any CPU
		{84AB3D14-D309-4582-B3EE-D1EF1A28C151}.Debug|Any CPU.Build.0 = Debug|Any CPU
		{84AB3D14-D309-4582-B3EE-D1EF1A28C151}.Release|Any CPU.ActiveCfg = Release|Any CPU
		{84AB3D14-D309-4582-B3EE-D1EF1A28C151}.Release|Any CPU.Build.0 = Release|Any CPU
		{3EA34BE1-9F39-47BA-A914-BD7066F71D89}.Debug|Any CPU.ActiveCfg = Debug|Any CPU
		{3EA34BE1-9F39-47BA-A914-BD7066F71D89}.Debug|Any CPU.Build.0 = Debug|Any CPU
		{3EA34BE1-9F39-47BA-A914-BD7066F71D89}.Release|Any CPU.ActiveCfg = Release|Any CPU
		{3EA34BE1-9F39-47BA-A914-BD7066F71D89}.Release|Any CPU.Build.0 = Release|Any CPU
	EndGlobalSection
	GlobalSection(SolutionProperties) = preSolution
		HideSolutionNode = FALSE
	EndGlobalSection
	GlobalSection(ExtensibilityGlobals) = postSolution
		SolutionGuid = {61F7FB11-1E47-470C-91E2-47F8143E1572}
	EndGlobalSection
EndGlobal
